// !$*UTF8*$!
{
	archiveVersion = 1;
	classes = {
	};
	objectVersion = 51;
	objects = {

/* Begin PBXBuildFile section */
		4A02B6B8274E842E00DABDF8 /* AppDelegate.swift in Sources */ = {isa = PBXBuildFile; fileRef = 4A02B6B7274E842E00DABDF8 /* AppDelegate.swift */; };
		4A02B6BA274E842E00DABDF8 /* SceneDelegate.swift in Sources */ = {isa = PBXBuildFile; fileRef = 4A02B6B9274E842E00DABDF8 /* SceneDelegate.swift */; };
		4A02B6BC274E842E00DABDF8 /* MarioViewController.swift in Sources */ = {isa = PBXBuildFile; fileRef = 4A02B6BB274E842E00DABDF8 /* MarioViewController.swift */; };
		4A02B6BF274E842E00DABDF8 /* Main.storyboard in Resources */ = {isa = PBXBuildFile; fileRef = 4A02B6BD274E842E00DABDF8 /* Main.storyboard */; };
		4A02B6C1274E842F00DABDF8 /* Assets.xcassets in Resources */ = {isa = PBXBuildFile; fileRef = 4A02B6C0274E842F00DABDF8 /* Assets.xcassets */; };
		4A02B6C4274E842F00DABDF8 /* LaunchScreen.storyboard in Resources */ = {isa = PBXBuildFile; fileRef = 4A02B6C2274E842F00DABDF8 /* LaunchScreen.storyboard */; };
		4A6492FC274E8AE000111175 /* AnimationManager.swift in Sources */ = {isa = PBXBuildFile; fileRef = 4A6492FB274E8AE000111175 /* AnimationManager.swift */; };
		4A6492FE274E8AFE00111175 /* Animation.swift in Sources */ = {isa = PBXBuildFile; fileRef = 4A6492FD274E8AFE00111175 /* Animation.swift */; };
		52DD55053F44F8A5B0A58880 /* Pods_MarioAnimationMap.framework in Frameworks */ = {isa = PBXBuildFile; fileRef = 0CE0975FF940CAEF285498CC /* Pods_MarioAnimationMap.framework */; };
/* End PBXBuildFile section */

/* Begin PBXFileReference section */
		0CE0975FF940CAEF285498CC /* Pods_MarioAnimationMap.framework */ = {isa = PBXFileReference; explicitFileType = wrapper.framework; includeInIndex = 0; path = Pods_MarioAnimationMap.framework; sourceTree = BUILT_PRODUCTS_DIR; };
		4A02B6B4274E842E00DABDF8 /* MarioAnimationMap.app */ = {isa = PBXFileReference; explicitFileType = wrapper.application; includeInIndex = 0; path = MarioAnimationMap.app; sourceTree = BUILT_PRODUCTS_DIR; };
		4A02B6B7274E842E00DABDF8 /* AppDelegate.swift */ = {isa = PBXFileReference; lastKnownFileType = sourcecode.swift; path = AppDelegate.swift; sourceTree = "<group>"; };
		4A02B6B9274E842E00DABDF8 /* SceneDelegate.swift */ = {isa = PBXFileReference; lastKnownFileType = sourcecode.swift; path = SceneDelegate.swift; sourceTree = "<group>"; };
		4A02B6BB274E842E00DABDF8 /* MarioViewController.swift */ = {isa = PBXFileReference; lastKnownFileType = sourcecode.swift; path = MarioViewController.swift; sourceTree = "<group>"; };
		4A02B6BE274E842E00DABDF8 /* Base */ = {isa = PBXFileReference; lastKnownFileType = file.storyboard; name = Base; path = Base.lproj/Main.storyboard; sourceTree = "<group>"; };
		4A02B6C0274E842F00DABDF8 /* Assets.xcassets */ = {isa = PBXFileReference; lastKnownFileType = folder.assetcatalog; path = Assets.xcassets; sourceTree = "<group>"; };
		4A02B6C3274E842F00DABDF8 /* Base */ = {isa = PBXFileReference; lastKnownFileType = file.storyboard; name = Base; path = Base.lproj/LaunchScreen.storyboard; sourceTree = "<group>"; };
		4A02B6C5274E842F00DABDF8 /* Info.plist */ = {isa = PBXFileReference; lastKnownFileType = text.plist.xml; path = Info.plist; sourceTree = "<group>"; };
		4A6492FB274E8AE000111175 /* AnimationManager.swift */ = {isa = PBXFileReference; lastKnownFileType = sourcecode.swift; path = AnimationManager.swift; sourceTree = "<group>"; };
		4A6492FD274E8AFE00111175 /* Animation.swift */ = {isa = PBXFileReference; lastKnownFileType = sourcecode.swift; path = Animation.swift; sourceTree = "<group>"; };
		62AE335DD2A7D446F849386C /* Pods-MarioAnimationMap.release.xcconfig */ = {isa = PBXFileReference; includeInIndex = 1; lastKnownFileType = text.xcconfig; name = "Pods-MarioAnimationMap.release.xcconfig"; path = "Target Support Files/Pods-MarioAnimationMap/Pods-MarioAnimationMap.release.xcconfig"; sourceTree = "<group>"; };
		8FF369B3072908381F433DBA /* Pods-MarioAnimationMap.debug.xcconfig */ = {isa = PBXFileReference; includeInIndex = 1; lastKnownFileType = text.xcconfig; name = "Pods-MarioAnimationMap.debug.xcconfig"; path = "Target Support Files/Pods-MarioAnimationMap/Pods-MarioAnimationMap.debug.xcconfig"; sourceTree = "<group>"; };
/* End PBXFileReference section */

/* Begin PBXFrameworksBuildPhase section */
		4A02B6B1274E842E00DABDF8 /* Frameworks */ = {
			isa = PBXFrameworksBuildPhase;
			buildActionMask = 2147483647;
			files = (
				52DD55053F44F8A5B0A58880 /* Pods_MarioAnimationMap.framework in Frameworks */,
			);
			runOnlyForDeploymentPostprocessing = 0;
		};
/* End PBXFrameworksBuildPhase section */

/* Begin PBXGroup section */
		4A02B6AB274E842E00DABDF8 = {
			isa = PBXGroup;
			children = (
				4A02B6B6274E842E00DABDF8 /* MarioAnimationMap */,
				4A02B6B5274E842E00DABDF8 /* Products */,
				844F79A7DC9355FCFD89F163 /* Pods */,
				D1AF270606623074A8470E31 /* Frameworks */,
			);
			sourceTree = "<group>";
		};
		4A02B6B5274E842E00DABDF8 /* Products */ = {
			isa = PBXGroup;
			children = (
				4A02B6B4274E842E00DABDF8 /* MarioAnimationMap.app */,
			);
			name = Products;
			sourceTree = "<group>";
		};
		4A02B6B6274E842E00DABDF8 /* MarioAnimationMap */ = {
			isa = PBXGroup;
			children = (
				4A6492FA274E8AB300111175 /* Services */,
				4A6492F9274E8A9400111175 /* Controllers */,
				4A6492F8274E8A8D00111175 /* Views */,
				4A6492F7274E8A8100111175 /* Models */,
				4A02B6B7274E842E00DABDF8 /* AppDelegate.swift */,
				4A02B6B9274E842E00DABDF8 /* SceneDelegate.swift */,
				4A02B6C0274E842F00DABDF8 /* Assets.xcassets */,
				4A02B6C5274E842F00DABDF8 /* Info.plist */,
			);
			path = MarioAnimationMap;
			sourceTree = "<group>";
		};
		4A6492F7274E8A8100111175 /* Models */ = {
			isa = PBXGroup;
			children = (
				4A6492FD274E8AFE00111175 /* Animation.swift */,
			);
			path = Models;
			sourceTree = "<group>";
		};
		4A6492F8274E8A8D00111175 /* Views */ = {
			isa = PBXGroup;
			children = (
				4A02B6BD274E842E00DABDF8 /* Main.storyboard */,
				4A02B6C2274E842F00DABDF8 /* LaunchScreen.storyboard */,
			);
			path = Views;
			sourceTree = "<group>";
		};
		4A6492F9274E8A9400111175 /* Controllers */ = {
			isa = PBXGroup;
			children = (
				4A02B6BB274E842E00DABDF8 /* MarioViewController.swift */,
			);
			path = Controllers;
			sourceTree = "<group>";
		};
		4A6492FA274E8AB300111175 /* Services */ = {
			isa = PBXGroup;
			children = (
				4A6492FB274E8AE000111175 /* AnimationManager.swift */,
			);
			path = Services;
			sourceTree = "<group>";
		};
		844F79A7DC9355FCFD89F163 /* Pods */ = {
			isa = PBXGroup;
			children = (
				8FF369B3072908381F433DBA /* Pods-MarioAnimationMap.debug.xcconfig */,
				62AE335DD2A7D446F849386C /* Pods-MarioAnimationMap.release.xcconfig */,
			);
			path = Pods;
			sourceTree = "<group>";
		};
		D1AF270606623074A8470E31 /* Frameworks */ = {
			isa = PBXGroup;
			children = (
				0CE0975FF940CAEF285498CC /* Pods_MarioAnimationMap.framework */,
			);
			name = Frameworks;
			sourceTree = "<group>";
		};
/* End PBXGroup section */

/* Begin PBXNativeTarget section */
		4A02B6B3274E842E00DABDF8 /* MarioAnimationMap */ = {
			isa = PBXNativeTarget;
			buildConfigurationList = 4A02B6C8274E842F00DABDF8 /* Build configuration list for PBXNativeTarget "MarioAnimationMap" */;
			buildPhases = (
				058981E6F608F34C5C08AFED /* [CP] Check Pods Manifest.lock */,
				4A02B6B0274E842E00DABDF8 /* Sources */,
				4A02B6B1274E842E00DABDF8 /* Frameworks */,
				4A02B6B2274E842E00DABDF8 /* Resources */,
				E4851AA408A784419E26048F /* [CP] Embed Pods Frameworks */,
			);
			buildRules = (
			);
			dependencies = (
			);
			name = MarioAnimationMap;
			productName = MarioAnimationMap;
			productReference = 4A02B6B4274E842E00DABDF8 /* MarioAnimationMap.app */;
			productType = "com.apple.product-type.application";
		};
/* End PBXNativeTarget section */

/* Begin PBXProject section */
		4A02B6AC274E842E00DABDF8 /* Project object */ = {
			isa = PBXProject;
			attributes = {
				LastSwiftUpdateCheck = 1250;
				LastUpgradeCheck = 1250;
				TargetAttributes = {
					4A02B6B3274E842E00DABDF8 = {
						CreatedOnToolsVersion = 12.5.1;
					};
				};
			};
			buildConfigurationList = 4A02B6AF274E842E00DABDF8 /* Build configuration list for PBXProject "MarioAnimationMap" */;
			compatibilityVersion = "Xcode 9.3";
			developmentRegion = en;
			hasScannedForEncodings = 0;
			knownRegions = (
				en,
				Base,
			);
			mainGroup = 4A02B6AB274E842E00DABDF8;
			productRefGroup = 4A02B6B5274E842E00DABDF8 /* Products */;
			projectDirPath = "";
			projectRoot = "";
			targets = (
				4A02B6B3274E842E00DABDF8 /* MarioAnimationMap */,
			);
		};
/* End PBXProject section */

/* Begin PBXResourcesBuildPhase section */
		4A02B6B2274E842E00DABDF8 /* Resources */ = {
			isa = PBXResourcesBuildPhase;
			buildActionMask = 2147483647;
			files = (
				4A02B6C4274E842F00DABDF8 /* LaunchScreen.storyboard in Resources */,
				4A02B6C1274E842F00DABDF8 /* Assets.xcassets in Resources */,
				4A02B6BF274E842E00DABDF8 /* Main.storyboard in Resources */,
			);
			runOnlyForDeploymentPostprocessing = 0;
		};
/* End PBXResourcesBuildPhase section */

/* Begin PBXShellScriptBuildPhase section */
		058981E6F608F34C5C08AFED /* [CP] Check Pods Manifest.lock */ = {
			isa = PBXShellScriptBuildPhase;
			buildActionMask = 2147483647;
			files = (
			);
			inputFileListPaths = (
			);
			inputPaths = (
				"${PODS_PODFILE_DIR_PATH}/Podfile.lock",
				"${PODS_ROOT}/Manifest.lock",
			);
			name = "[CP] Check Pods Manifest.lock";
			outputFileListPaths = (
			);
			outputPaths = (
				"$(DERIVED_FILE_DIR)/Pods-MarioAnimationMap-checkManifestLockResult.txt",
			);
			runOnlyForDeploymentPostprocessing = 0;
			shellPath = /bin/sh;
			shellScript = "diff \"${PODS_PODFILE_DIR_PATH}/Podfile.lock\" \"${PODS_ROOT}/Manifest.lock\" > /dev/null\nif [ $? != 0 ] ; then\n    # print error to STDERR\n    echo \"error: The sandbox is not in sync with the Podfile.lock. Run 'pod install' or update your CocoaPods installation.\" >&2\n    exit 1\nfi\n# This output is used by Xcode 'outputs' to avoid re-running this script phase.\necho \"SUCCESS\" > \"${SCRIPT_OUTPUT_FILE_0}\"\n";
			showEnvVarsInLog = 0;
		};
		E4851AA408A784419E26048F /* [CP] Embed Pods Frameworks */ = {
			isa = PBXShellScriptBuildPhase;
			buildActionMask = 2147483647;
			files = (
			);
			inputFileListPaths = (
				"${PODS_ROOT}/Target Support Files/Pods-MarioAnimationMap/Pods-MarioAnimationMap-frameworks-${CONFIGURATION}-input-files.xcfilelist",
			);
			name = "[CP] Embed Pods Frameworks";
			outputFileListPaths = (
				"${PODS_ROOT}/Target Support Files/Pods-MarioAnimationMap/Pods-MarioAnimationMap-frameworks-${CONFIGURATION}-output-files.xcfilelist",
			);
			runOnlyForDeploymentPostprocessing = 0;
			shellPath = /bin/sh;
			shellScript = "\"${PODS_ROOT}/Target Support Files/Pods-MarioAnimationMap/Pods-MarioAnimationMap-frameworks.sh\"\n";
			showEnvVarsInLog = 0;
		};
/* End PBXShellScriptBuildPhase section */

/* Begin PBXSourcesBuildPhase section */
		4A02B6B0274E842E00DABDF8 /* Sources */ = {
			isa = PBXSourcesBuildPhase;
			buildActionMask = 2147483647;
			files = (
				4A6492FC274E8AE000111175 /* AnimationManager.swift in Sources */,
				4A02B6BC274E842E00DABDF8 /* MarioViewController.swift in Sources */,
				4A02B6B8274E842E00DABDF8 /* AppDelegate.swift in Sources */,
				4A6492FE274E8AFE00111175 /* Animation.swift in Sources */,
				4A02B6BA274E842E00DABDF8 /* SceneDelegate.swift in Sources */,
			);
			runOnlyForDeploymentPostprocessing = 0;
		};
/* End PBXSourcesBuildPhase section */

/* Begin PBXVariantGroup section */
		4A02B6BD274E842E00DABDF8 /* Main.storyboard */ = {
			isa = PBXVariantGroup;
			children = (
				4A02B6BE274E842E00DABDF8 /* Base */,
			);
			name = Main.storyboard;
			sourceTree = "<group>";
		};
		4A02B6C2274E842F00DABDF8 /* LaunchScreen.storyboard */ = {
			isa = PBXVariantGroup;
			children = (
				4A02B6C3274E842F00DABDF8 /* Base */,
			);
			name = LaunchScreen.storyboard;
			sourceTree = "<group>";
		};
/* End PBXVariantGroup section */

/* Begin XCBuildConfiguration section */
		4A02B6C6274E842F00DABDF8 /* Debug */ = {
			isa = XCBuildConfiguration;
			buildSettings = {
				ALWAYS_SEARCH_USER_PATHS = NO;
				CLANG_ANALYZER_NONNULL = YES;
				CLANG_ANALYZER_NUMBER_OBJECT_CONVERSION = YES_AGGRESSIVE;
				CLANG_CXX_LANGUAGE_STANDARD = "gnu++14";
				CLANG_CXX_LIBRARY = "libc++";
				CLANG_ENABLE_MODULES = YES;
				CLANG_ENABLE_OBJC_ARC = YES;
				CLANG_ENABLE_OBJC_WEAK = YES;
				CLANG_WARN_BLOCK_CAPTURE_AUTORELEASING = YES;
				CLANG_WARN_BOOL_CONVERSION = YES;
				CLANG_WARN_COMMA = YES;
				CLANG_WARN_CONSTANT_CONVERSION = YES;
				CLANG_WARN_DEPRECATED_OBJC_IMPLEMENTATIONS = YES;
				CLANG_WARN_DIRECT_OBJC_ISA_USAGE = YES_ERROR;
				CLANG_WARN_DOCUMENTATION_COMMENTS = YES;
				CLANG_WARN_EMPTY_BODY = YES;
				CLANG_WARN_ENUM_CONVERSION = YES;
				CLANG_WARN_INFINITE_RECURSION = YES;
				CLANG_WARN_INT_CONVERSION = YES;
				CLANG_WARN_NON_LITERAL_NULL_CONVERSION = YES;
				CLANG_WARN_OBJC_IMPLICIT_RETAIN_SELF = YES;
				CLANG_WARN_OBJC_LITERAL_CONVERSION = YES;
				CLANG_WARN_OBJC_ROOT_CLASS = YES_ERROR;
				CLANG_WARN_QUOTED_INCLUDE_IN_FRAMEWORK_HEADER = YES;
				CLANG_WARN_RANGE_LOOP_ANALYSIS = YES;
				CLANG_WARN_STRICT_PROTOTYPES = YES;
				CLANG_WARN_SUSPICIOUS_MOVE = YES;
				CLANG_WARN_UNGUARDED_AVAILABILITY = YES_AGGRESSIVE;
				CLANG_WARN_UNREACHABLE_CODE = YES;
				CLANG_WARN__DUPLICATE_METHOD_MATCH = YES;
				COPY_PHASE_STRIP = NO;
				DEBUG_INFORMATION_FORMAT = dwarf;
				ENABLE_STRICT_OBJC_MSGSEND = YES;
				ENABLE_TESTABILITY = YES;
				GCC_C_LANGUAGE_STANDARD = gnu11;
				GCC_DYNAMIC_NO_PIC = NO;
				GCC_NO_COMMON_BLOCKS = YES;
				GCC_OPTIMIZATION_LEVEL = 0;
				GCC_PREPROCESSOR_DEFINITIONS = (
					"DEBUG=1",
					"$(inherited)",
				);
				GCC_WARN_64_TO_32_BIT_CONVERSION = YES;
				GCC_WARN_ABOUT_RETURN_TYPE = YES_ERROR;
				GCC_WARN_UNDECLARED_SELECTOR = YES;
				GCC_WARN_UNINITIALIZED_AUTOS = YES_AGGRESSIVE;
				GCC_WARN_UNUSED_FUNCTION = YES;
				GCC_WARN_UNUSED_VARIABLE = YES;
				IPHONEOS_DEPLOYMENT_TARGET = 14.5;
				MTL_ENABLE_DEBUG_INFO = INCLUDE_SOURCE;
				MTL_FAST_MATH = YES;
				ONLY_ACTIVE_ARCH = YES;
				SDKROOT = iphoneos;
				SWIFT_ACTIVE_COMPILATION_CONDITIONS = DEBUG;
				SWIFT_OPTIMIZATION_LEVEL = "-Onone";
			};
			name = Debug;
		};
		4A02B6C7274E842F00DABDF8 /* Release */ = {
			isa = XCBuildConfiguration;
			buildSettings = {
				ALWAYS_SEARCH_USER_PATHS = NO;
				CLANG_ANALYZER_NONNULL = YES;
				CLANG_ANALYZER_NUMBER_OBJECT_CONVERSION = YES_AGGRESSIVE;
				CLANG_CXX_LANGUAGE_STANDARD = "gnu++14";
				CLANG_CXX_LIBRARY = "libc++";
				CLANG_ENABLE_MODULES = YES;
				CLANG_ENABLE_OBJC_ARC = YES;
				CLANG_ENABLE_OBJC_WEAK = YES;
				CLANG_WARN_BLOCK_CAPTURE_AUTORELEASING = YES;
				CLANG_WARN_BOOL_CONVERSION = YES;
				CLANG_WARN_COMMA = YES;
				CLANG_WARN_CONSTANT_CONVERSION = YES;
				CLANG_WARN_DEPRECATED_OBJC_IMPLEMENTATIONS = YES;
				CLANG_WARN_DIRECT_OBJC_ISA_USAGE = YES_ERROR;
				CLANG_WARN_DOCUMENTATION_COMMENTS = YES;
				CLANG_WARN_EMPTY_BODY = YES;
				CLANG_WARN_ENUM_CONVERSION = YES;
				CLANG_WARN_INFINITE_RECURSION = YES;
				CLANG_WARN_INT_CONVERSION = YES;
				CLANG_WARN_NON_LITERAL_NULL_CONVERSION = YES;
				CLANG_WARN_OBJC_IMPLICIT_RETAIN_SELF = YES;
				CLANG_WARN_OBJC_LITERAL_CONVERSION = YES;
				CLANG_WARN_OBJC_ROOT_CLASS = YES_ERROR;
				CLANG_WARN_QUOTED_INCLUDE_IN_FRAMEWORK_HEADER = YES;
				CLANG_WARN_RANGE_LOOP_ANALYSIS = YES;
				CLANG_WARN_STRICT_PROTOTYPES = YES;
				CLANG_WARN_SUSPICIOUS_MOVE = YES;
				CLANG_WARN_UNGUARDED_AVAILABILITY = YES_AGGRESSIVE;
				CLANG_WARN_UNREACHABLE_CODE = YES;
				CLANG_WARN__DUPLICATE_METHOD_MATCH = YES;
				COPY_PHASE_STRIP = NO;
				DEBUG_INFORMATION_FORMAT = "dwarf-with-dsym";
				ENABLE_NS_ASSERTIONS = NO;
				ENABLE_STRICT_OBJC_MSGSEND = YES;
				GCC_C_LANGUAGE_STANDARD = gnu11;
				GCC_NO_COMMON_BLOCKS = YES;
				GCC_WARN_64_TO_32_BIT_CONVERSION = YES;
				GCC_WARN_ABOUT_RETURN_TYPE = YES_ERROR;
				GCC_WARN_UNDECLARED_SELECTOR = YES;
				GCC_WARN_UNINITIALIZED_AUTOS = YES_AGGRESSIVE;
				GCC_WARN_UNUSED_FUNCTION = YES;
				GCC_WARN_UNUSED_VARIABLE = YES;
				IPHONEOS_DEPLOYMENT_TARGET = 14.5;
				MTL_ENABLE_DEBUG_INFO = NO;
				MTL_FAST_MATH = YES;
				SDKROOT = iphoneos;
				SWIFT_COMPILATION_MODE = wholemodule;
				SWIFT_OPTIMIZATION_LEVEL = "-O";
				VALIDATE_PRODUCT = YES;
			};
			name = Release;
		};
		4A02B6C9274E842F00DABDF8 /* Debug */ = {
			isa = XCBuildConfiguration;
			baseConfigurationReference = 8FF369B3072908381F433DBA /* Pods-MarioAnimationMap.debug.xcconfig */;
			buildSettings = {
				ASSETCATALOG_COMPILER_APPICON_NAME = AppIcon;
				ASSETCATALOG_COMPILER_GLOBAL_ACCENT_COLOR_NAME = AccentColor;
				CODE_SIGN_STYLE = Automatic;
				DEVELOPMENT_TEAM = H7K76ZRYMQ;
				INFOPLIST_FILE = MarioAnimationMap/Info.plist;
				IPHONEOS_DEPLOYMENT_TARGET = 14.1;
				LD_RUNPATH_SEARCH_PATHS = (
					"$(inherited)",
					"@executable_path/Frameworks",
				);
				PRODUCT_BUNDLE_IDENTIFIER = ru.mikhailzinovev.MarioAnimationMap;
				PRODUCT_NAME = "$(TARGET_NAME)";
				SWIFT_VERSION = 5.0;
				TARGETED_DEVICE_FAMILY = 1;
			};
			name = Debug;
		};
		4A02B6CA274E842F00DABDF8 /* Release */ = {
			isa = XCBuildConfiguration;
			baseConfigurationReference = 62AE335DD2A7D446F849386C /* Pods-MarioAnimationMap.release.xcconfig */;
			buildSettings = {
				ASSETCATALOG_COMPILER_APPICON_NAME = AppIcon;
				ASSETCATALOG_COMPILER_GLOBAL_ACCENT_COLOR_NAME = AccentColor;
				CODE_SIGN_STYLE = Automatic;
				DEVELOPMENT_TEAM = H7K76ZRYMQ;
				INFOPLIST_FILE = MarioAnimationMap/Info.plist;
				IPHONEOS_DEPLOYMENT_TARGET = 14.1;
				LD_RUNPATH_SEARCH_PATHS = (
					"$(inherited)",
					"@executable_path/Frameworks",
				);
				PRODUCT_BUNDLE_IDENTIFIER = ru.mikhailzinovev.MarioAnimationMap;
				PRODUCT_NAME = "$(TARGET_NAME)";
				SWIFT_VERSION = 5.0;
				TARGETED_DEVICE_FAMILY = 1;
			};
			name = Release;
		};
/* End XCBuildConfiguration section */

/* Begin XCConfigurationList section */
		4A02B6AF274E842E00DABDF8 /* Build configuration list for PBXProject "MarioAnimationMap" */ = {
			isa = XCConfigurationList;
			buildConfigurations = (
				4A02B6C6274E842F00DABDF8 /* Debug */,
				4A02B6C7274E842F00DABDF8 /* Release */,
			);
			defaultConfigurationIsVisible = 0;
			defaultConfigurationName = Release;
		};
		4A02B6C8274E842F00DABDF8 /* Build configuration list for PBXNativeTarget "MarioAnimationMap" */ = {
			isa = XCConfigurationList;
			buildConfigurations = (
				4A02B6C9274E842F00DABDF8 /* Debug */,
				4A02B6CA274E842F00DABDF8 /* Release */,
			);
			defaultConfigurationIsVisible = 0;
			defaultConfigurationName = Release;
		};
/* End XCConfigurationList section */
	};
	rootObject = 4A02B6AC274E842E00DABDF8 /* Project object */;
}
